// !$*UTF8*$!
{
	archiveVersion = 1;
	classes = {
	};
	objectVersion = 77;
	objects = {

/* Begin PBXBuildFile section */
		CFBD955D2FB90690003F1EAC /* WidgetKit.framework in Frameworks */ = {isa = PBXBuildFile; fileRef = CFBD955C2FB90690003F1EAC /* WidgetKit.framework */; };
		CFBD955F2FB90690003F1EAC /* SwiftUI.framework in Frameworks */ = {isa = PBXBuildFile; fileRef = CFBD955E2FB90690003F1EAC /* SwiftUI.framework */; };
		CFBD95702FB90692003F1EAC /* LureliaWidgetsExtension.appex in Embed Foundation Extensions */ = {isa = PBXBuildFile; fileRef = CFBD955A2FB90690003F1EAC /* LureliaWidgetsExtension.appex */; settings = {ATTRIBUTES = (RemoveHeadersOnCopy, ); }; };
/* End PBXBuildFile section */

/* Begin PBXContainerItemProxy section */
		CFBD956E2FB90692003F1EAC /* PBXContainerItemProxy */ = {
			isa = PBXContainerItemProxy;
			containerPortal = CFBD95112FB8CE18003F1EAC /* Project object */;
			proxyType = 1;
			remoteGlobalIDString = CFBD95592FB90690003F1EAC;
			remoteInfo = LureliaWidgetsExtension;
		};
/* End PBXContainerItemProxy section */

/* Begin PBXCopyFilesBuildPhase section */
		CFBD95752FB90692003F1EAC /* Embed Foundation Extensions */ = {
			isa = PBXCopyFilesBuildPhase;
			buildActionMask = 2147483647;
			dstPath = "";
			dstSubfolderSpec = 13;
			files = (
				CFBD95702FB90692003F1EAC /* LureliaWidgetsExtension.appex in Embed Foundation Extensions */,
			);
			name = "Embed Foundation Extensions";
			runOnlyForDeploymentPostprocessing = 0;
		};
/* End PBXCopyFilesBuildPhase section */

/* Begin PBXFileReference section */
		CF2170A62FD9C6AD00060F38 /* LureliaWidgetsExtension.entitlements */ = {isa = PBXFileReference; lastKnownFileType = text.plist.entitlements; path = LureliaWidgetsExtension.entitlements; sourceTree = "<group>"; };
		CFBD95192FB8CE18003F1EAC /* Lurelia.app */ = {isa = PBXFileReference; explicitFileType = wrapper.application; includeInIndex = 0; path = Lurelia.app; sourceTree = BUILT_PRODUCTS_DIR; };
		CFBD955A2FB90690003F1EAC /* LureliaWidgetsExtension.appex */ = {isa = PBXFileReference; explicitFileType = "wrapper.app-extension"; includeInIndex = 0; path = LureliaWidgetsExtension.appex; sourceTree = BUILT_PRODUCTS_DIR; };
		CFBD955C2FB90690003F1EAC /* WidgetKit.framework */ = {isa = PBXFileReference; lastKnownFileType = wrapper.framework; name = WidgetKit.framework; path = System/Library/Frameworks/WidgetKit.framework; sourceTree = SDKROOT; };
		CFBD955E2FB90690003F1EAC /* SwiftUI.framework */ = {isa = PBXFileReference; lastKnownFileType = wrapper.framework; name = SwiftUI.framework; path = System/Library/Frameworks/SwiftUI.framework; sourceTree = SDKROOT; };
/* End PBXFileReference section */

/* Begin PBXFileSystemSynchronizedBuildFileExceptionSet section */
		CF2170A82FD9C74A00060F38 /* Exceptions for "Lurelia" folder in "LureliaWidgetsExtension" target */ = {
			isa = PBXFileSystemSynchronizedBuildFileExceptionSet;
			membershipExceptions = (
				Item.swift,
				Models/Challenge.swift,
				Models/ChallengeAction.swift,
				Models/ChallengeEntry.swift,
				Models/ChallengeProgressReport.swift,
				Models/ChallengeReportResponse.swift,
				Models/ChallengeSystemStep.swift,
				Models/KanbanModels.swift,
				Models/LureliaCalendar.swift,
				Models/LureliaEvent.swift,
				Models/LureliaEventAttachment.swift,
				Models/LureliaEventNotification.swift,
				Models/LureliaEventRecurrence.swift,
				Models/LureliaEventTag.swift,
				Models/LureliaHabit.swift,
				Models/LureliaHabitLog.swift,
				Models/LureliaHabitSkip.swift,
				Models/LureliaJourney.swift,
				Models/LureliaJourneyCheckIn.swift,
				Models/LureliaJourneyMilestone.swift,
				Models/LureliaJourneyNote.swift,
				Models/LureliaJourneyStep.swift,
				Models/LureliaJourneyTimelineItem.swift,
				Models/LureliaPractice.swift,
				Models/LureliaReminder.swift,
				Models/LureliaReminderHistory.swift,
				Models/LureliaRoutine.swift,
				Models/LureliaRoutineContract.swift,
				Models/LureliaRoutinePhase.swift,
				"Models/LureliaRoutineTask+Detail.swift",
				Models/LureliaRoutineTaskContent.swift,
				Models/LureliaTask.swift,
				Models/RoutineStats.swift,
				Models/RoutineTaskTemplate.swift,
				Models/Shared/Announcement.swift,
				Models/Shared/Attachment.swift,
				Models/Shared/Attendee.swift,
				Models/Shared/Comment.swift,
				Models/Shared/CommentReaction.swift,
				Models/Shared/CommentReply.swift,
				Models/Shared/EventArtwork.swift,
				Models/Shared/EventPost.swift,
				Models/Shared/Host.swift,
				Models/Shared/Invitation.swift,
				Models/Shared/NotificationSubscription.swift,
				Models/Shared/Permissions.swift,
				Models/Shared/RSVP.swift,
				Models/Shared/SharedCalendar.swift,
				Models/Shared/SharedEvent.swift,
				Models/Shared/SharedEventAppleMirror.swift,
				Models/Shared/SharedEventEnums.swift,
				Models/Shared/SyncState.swift,
				Models/UserSettings.swift,
				Theme/LureliaComponents.swift,
				Theme/Theme.swift,
				Utilities/KanbanTimelineEngine.swift,
				Utilities/LureliaWidgetReloads.swift,
			);
			target = CFBD95592FB90690003F1EAC /* LureliaWidgetsExtension */;
		};
		CFBD95262FB8CE19003F1EAC /* Exceptions for "Lurelia" folder in "Lurelia" target */ = {
			isa = PBXFileSystemSynchronizedBuildFileExceptionSet;
			membershipExceptions = (
				Info.plist,
			);
			target = CFBD95182FB8CE18003F1EAC /* Lurelia */;
		};
		CFBD95742FB90692003F1EAC /* Exceptions for "LureliaWidgets" folder in "LureliaWidgetsExtension" target */ = {
			isa = PBXFileSystemSynchronizedBuildFileExceptionSet;
			membershipExceptions = (
				Info.plist,
			);
			target = CFBD95592FB90690003F1EAC /* LureliaWidgetsExtension */;
		};
		CFBD95792FB906C7003F1EAC /* Exceptions for "LureliaWidgets" folder in "Lurelia" target */ = {
			isa = PBXFileSystemSynchronizedBuildFileExceptionSet;
			membershipExceptions = (
				LureliaWidgetShared.swift,
				RoutineLiveActivity.swift,
			);
			target = CFBD95182FB8CE18003F1EAC /* Lurelia */;
		};
/* End PBXFileSystemSynchronizedBuildFileExceptionSet section */

/* Begin PBXFileSystemSynchronizedRootGroup section */
		CFBD951B2FB8CE18003F1EAC /* Lurelia */ = {
			isa = PBXFileSystemSynchronizedRootGroup;
			exceptions = (
				CFBD95262FB8CE19003F1EAC /* Exceptions for "Lurelia" folder in "Lurelia" target */,
				CF2170A82FD9C74A00060F38 /* Exceptions for "Lurelia" folder in "LureliaWidgetsExtension" target */,
			);
			path = Lurelia;
			sourceTree = "<group>";
		};
		CFBD95602FB90690003F1EAC /* LureliaWidgets */ = {
			isa = PBXFileSystemSynchronizedRootGroup;
			exceptions = (
				CFBD95792FB906C7003F1EAC /* Exceptions for "LureliaWidgets" folder in "Lurelia" target */,
				CFBD95742FB90692003F1EAC /* Exceptions for "LureliaWidgets" folder in "LureliaWidgetsExtension" target */,
			);
			path = LureliaWidgets;
			sourceTree = "<group>";
		};
/* End PBXFileSystemSynchronizedRootGroup section */

/* Begin PBXFrameworksBuildPhase section */
		CFBD95162FB8CE18003F1EAC /* Frameworks */ = {
			isa = PBXFrameworksBuildPhase;
			buildActionMask = 2147483647;
			files = (
			);
			runOnlyForDeploymentPostprocessing = 0;
		};
		CFBD95572FB90690003F1EAC /* Frameworks */ = {
			isa = PBXFrameworksBuildPhase;
			buildActionMask = 2147483647;
			files = (
				CFBD955F2FB90690003F1EAC /* SwiftUI.framework in Frameworks */,
				CFBD955D2FB90690003F1EAC /* WidgetKit.framework in Frameworks */,
			);
			runOnlyForDeploymentPostprocessing = 0;
		};
/* End PBXFrameworksBuildPhase section */

/* Begin PBXGroup section */
		CFBD95102FB8CE18003F1EAC = {
			isa = PBXGroup;
			children = (
				CF2170A62FD9C6AD00060F38 /* LureliaWidgetsExtension.entitlements */,
				CFBD951B2FB8CE18003F1EAC /* Lurelia */,
				CFBD95602FB90690003F1EAC /* LureliaWidgets */,
				CFBD955B2FB90690003F1EAC /* Frameworks */,
				CFBD951A2FB8CE18003F1EAC /* Products */,
			);
			sourceTree = "<group>";
		};
		CFBD951A2FB8CE18003F1EAC /* Products */ = {
			isa = PBXGroup;
			children = (
				CFBD95192FB8CE18003F1EAC /* Lurelia.app */,
				CFBD955A2FB90690003F1EAC /* LureliaWidgetsExtension.appex */,
			);
			name = Products;
			sourceTree = "<group>";
		};
		CFBD955B2FB90690003F1EAC /* Frameworks */ = {
			isa = PBXGroup;
			children = (
				CFBD955C2FB90690003F1EAC /* WidgetKit.framework */,
				CFBD955E2FB90690003F1EAC /* SwiftUI.framework */,
			);
			name = Frameworks;
			sourceTree = "<group>";
		};
/* End PBXGroup section */

/* Begin PBXNativeTarget section */
		CFBD95182FB8CE18003F1EAC /* Lurelia */ = {
			isa = PBXNativeTarget;
			buildConfigurationList = CFBD95272FB8CE19003F1EAC /* Build configuration list for PBXNativeTarget "Lurelia" */;
			buildPhases = (
				CFBD95152FB8CE18003F1EAC /* Sources */,
				CFBD95162FB8CE18003F1EAC /* Frameworks */,
				CFBD95172FB8CE18003F1EAC /* Resources */,
				CFBD95752FB90692003F1EAC /* Embed Foundation Extensions */,
			);
			buildRules = (
			);
			dependencies = (
				CFBD956F2FB90692003F1EAC /* PBXTargetDependency */,
			);
			fileSystemSynchronizedGroups = (
				CFBD951B2FB8CE18003F1EAC /* Lurelia */,
			);
			name = Lurelia;
			packageProductDependencies = (
			);
			productName = Lurelia;
			productReference = CFBD95192FB8CE18003F1EAC /* Lurelia.app */;
			productType = "com.apple.product-type.application";
		};
		CFBD95592FB90690003F1EAC /* LureliaWidgetsExtension */ = {
			isa = PBXNativeTarget;
			buildConfigurationList = CFBD95712FB90692003F1EAC /* Build configuration list for PBXNativeTarget "LureliaWidgetsExtension" */;
			buildPhases = (
				CFBD95562FB90690003F1EAC /* Sources */,
				CFBD95572FB90690003F1EAC /* Frameworks */,
				CFBD95582FB90690003F1EAC /* Resources */,
			);
			buildRules = (
			);
			dependencies = (
			);
			fileSystemSynchronizedGroups = (
				CFBD95602FB90690003F1EAC /* LureliaWidgets */,
			);
			name = LureliaWidgetsExtension;
			packageProductDependencies = (
			);
			productName = LureliaWidgetsExtension;
			productReference = CFBD955A2FB90690003F1EAC /* LureliaWidgetsExtension.appex */;
			productType = "com.apple.product-type.app-extension";
		};
/* End PBXNativeTarget section */

/* Begin PBXProject section */
		CFBD95112FB8CE18003F1EAC /* Project object */ = {
			isa = PBXProject;
			attributes = {
				BuildIndependentTargetsInParallel = 1;
				LastSwiftUpdateCheck = 2650;
				LastUpgradeCheck = 2650;
				TargetAttributes = {
					CFBD95182FB8CE18003F1EAC = {
						CreatedOnToolsVersion = 26.5;
					};
					CFBD95592FB90690003F1EAC = {
						CreatedOnToolsVersion = 26.5;
					};
				};
			};
			buildConfigurationList = CFBD95142FB8CE18003F1EAC /* Build configuration list for PBXProject "Lurelia" */;
			developmentRegion = en;
			hasScannedForEncodings = 0;
			knownRegions = (
				en,
				Base,
			);
			mainGroup = CFBD95102FB8CE18003F1EAC;
			minimizedProjectReferenceProxies = 1;
			preferredProjectObjectVersion = 77;
			productRefGroup = CFBD951A2FB8CE18003F1EAC /* Products */;
			projectDirPath = "";
			projectRoot = "";
			targets = (
				CFBD95182FB8CE18003F1EAC /* Lurelia */,
				CFBD95592FB90690003F1EAC /* LureliaWidgetsExtension */,
			);
		};
/* End PBXProject section */

/* Begin PBXResourcesBuildPhase section */
		CFBD95172FB8CE18003F1EAC /* Resources */ = {
			isa = PBXResourcesBuildPhase;
			buildActionMask = 2147483647;
			files = (
			);
			runOnlyForDeploymentPostprocessing = 0;
		};
		CFBD95582FB90690003F1EAC /* Resources */ = {
			isa = PBXResourcesBuildPhase;
			buildActionMask = 2147483647;
			files = (
			);
			runOnlyForDeploymentPostprocessing = 0;
		};
/* End PBXResourcesBuildPhase section */

/* Begin PBXSourcesBuildPhase section */
		CFBD95152FB8CE18003F1EAC /* Sources */ = {
			isa = PBXSourcesBuildPhase;
			buildActionMask = 2147483647;
			files = (
			);
			runOnlyForDeploymentPostprocessing = 0;
		};
		CFBD95562FB90690003F1EAC /* Sources */ = {
			isa = PBXSourcesBuildPhase;
			buildActionMask = 2147483647;
			files = (
			);
			runOnlyForDeploymentPostprocessing = 0;
		};
/* End PBXSourcesBuildPhase section */

/* Begin PBXTargetDependency section */
		CFBD956F2FB90692003F1EAC /* PBXTargetDependency */ = {
			isa = PBXTargetDependency;
			target = CFBD95592FB90690003F1EAC /* LureliaWidgetsExtension */;
			targetProxy = CFBD956E2FB90692003F1EAC /* PBXContainerItemProxy */;
		};
/* End PBXTargetDependency section */

/* Begin XCBuildConfiguration section */
		CFBD95282FB8CE19003F1EAC /* Debug */ = {
			isa = XCBuildConfiguration;
			buildSettings = {
				ASSETCATALOG_COMPILER_APPICON_NAME = AppIcon;
				ASSETCATALOG_COMPILER_GLOBAL_ACCENT_COLOR_NAME = AccentColor;
				ASSETCATALOG_COMPILER_INCLUDE_ALL_APPICON_ASSETS = YES;
				CODE_SIGN_ENTITLEMENTS = Lurelia/Lurelia.entitlements;
				CODE_SIGN_STYLE = Automatic;
				CURRENT_PROJECT_VERSION = 1;
				DEVELOPMENT_TEAM = PLRRW8XCVU;
				ENABLE_PREVIEWS = YES;
				GENERATE_INFOPLIST_FILE = YES;
				INFOPLIST_FILE = Lurelia/Info.plist;
				INFOPLIST_KEY_CFBundleDisplayName = Lurelia;
				INFOPLIST_KEY_UIApplicationSceneManifest_Generation = YES;
				INFOPLIST_KEY_UIApplicationSupportsIndirectInputEvents = YES;
				INFOPLIST_KEY_UILaunchScreen_Generation = YES;
				INFOPLIST_KEY_UISupportedInterfaceOrientations_iPad = "UIInterfaceOrientationPortrait UIInterfaceOrientationPortraitUpsideDown UIInterfaceOrientationLandscapeLeft UIInterfaceOrientationLandscapeRight";
				INFOPLIST_KEY_UISupportedInterfaceOrientations_iPhone = "UIInterfaceOrientationPortrait UIInterfaceOrientationLandscapeLeft UIInterfaceOrientationLandscapeRight";
				IPHONEOS_DEPLOYMENT_TARGET = 26.5;
				LD_RUNPATH_SEARCH_PATHS = (
					"$(inherited)",
					"@executable_path/Frameworks",
				);
				MARKETING_VERSION = 1.1;
				PRODUCT_BUNDLE_IDENTIFIER = im.lystaria.Lurelia;
				PRODUCT_NAME = "$(TARGET_NAME)";
				STRING_CATALOG_GENERATE_SYMBOLS = YES;
				SUPPORTED_PLATFORMS = "iphoneos iphonesimulator";
				SUPPORTS_MACCATALYST = NO;
				SUPPORTS_MAC_DESIGNED_FOR_IPHONE_IPAD = NO;
				SUPPORTS_XR_DESIGNED_FOR_IPHONE_IPAD = NO;
				SWIFT_APPROACHABLE_CONCURRENCY = YES;
				SWIFT_DEFAULT_ACTOR_ISOLATION = MainActor;
				SWIFT_EMIT_LOC_STRINGS = YES;
				SWIFT_UPCOMING_FEATURE_MEMBER_IMPORT_VISIBILITY = YES;
				SWIFT_VERSION = 5.0;
				TARGETED_DEVICE_FAMILY = "1,2";
			};
			name = Debug;
		};
		CFBD95292FB8CE19003F1EAC /* Release */ = {
			isa = XCBuildConfiguration;
			buildSettings = {
				ASSETCATALOG_COMPILER_APPICON_NAME = AppIcon;
				ASSETCATALOG_COMPILER_GLOBAL_ACCENT_COLOR_NAME = AccentColor;
				ASSETCATALOG_COMPILER_INCLUDE_ALL_APPICON_ASSETS = YES;
				CODE_SIGN_ENTITLEMENTS = Lurelia/Lurelia.entitlements;
				CODE_SIGN_STYLE = Automatic;
				CURRENT_PROJECT_VERSION = 1;
				DEVELOPMENT_TEAM = PLRRW8XCVU;
				ENABLE_PREVIEWS = YES;
				GENERATE_INFOPLIST_FILE = YES;
				INFOPLIST_FILE = Lurelia/Info.plist;
				INFOPLIST_KEY_CFBundleDisplayName = Lurelia;
				INFOPLIST_KEY_UIApplicationSceneManifest_Generation = YES;
				INFOPLIST_KEY_UIApplicationSupportsIndirectInputEvents = YES;
				INFOPLIST_KEY_UILaunchScreen_Generation = YES;
				INFOPLIST_KEY_UISupportedInterfaceOrientations_iPad = "UIInterfaceOrientationPortrait UIInterfaceOrientationPortraitUpsideDown UIInterfaceOrientationLandscapeLeft UIInterfaceOrientationLandscapeRight";
				INFOPLIST_KEY_UISupportedInterfaceOrientations_iPhone = "UIInterfaceOrientationPortrait UIInterfaceOrientationLandscapeLeft UIInterfaceOrientationLandscapeRight";
				IPHONEOS_DEPLOYMENT_TARGET = 26.5;
				LD_RUNPATH_SEARCH_PATHS = (
					"$(inherited)",
					"@executable_path/Frameworks",
				);
				MARKETING_VERSION = 1.1;
				PRODUCT_BUNDLE_IDENTIFIER = im.lystaria.Lurelia;
				PRODUCT_NAME = "$(TARGET_NAME)";
				STRING_CATALOG_GENERATE_SYMBOLS = YES;
				SUPPORTED_PLATFORMS = "iphoneos iphonesimulator";
				SUPPORTS_MACCATALYST = NO;
				SUPPORTS_MAC_DESIGNED_FOR_IPHONE_IPAD = NO;
				SUPPORTS_XR_DESIGNED_FOR_IPHONE_IPAD = NO;
				SWIFT_APPROACHABLE_CONCURRENCY = YES;
				SWIFT_DEFAULT_ACTOR_ISOLATION = MainActor;
				SWIFT_EMIT_LOC_STRINGS = YES;
				SWIFT_UPCOMING_FEATURE_MEMBER_IMPORT_VISIBILITY = YES;
				SWIFT_VERSION = 5.0;
				TARGETED_DEVICE_FAMILY = "1,2";
			};
			name = Release;
		};
		CFBD952A2FB8CE19003F1EAC /* Debug */ = {
			isa = XCBuildConfiguration;
			buildSettings = {
				ALWAYS_SEARCH_USER_PATHS = NO;
				ASSETCATALOG_COMPILER_GENERATE_SWIFT_ASSET_SYMBOL_EXTENSIONS = YES;
				CLANG_ANALYZER_NONNULL = YES;
				CLANG_ANALYZER_NUMBER_OBJECT_CONVERSION = YES_AGGRESSIVE;
				CLANG_CXX_LANGUAGE_STANDARD = "gnu++20";
				CLANG_ENABLE_MODULES = YES;
				CLANG_ENABLE_OBJC_ARC = YES;
				CLANG_ENABLE_OBJC_WEAK = YES;
				CLANG_WARN_BLOCK_CAPTURE_AUTORELEASING = YES;
				CLANG_WARN_BOOL_CONVERSION = YES;
				CLANG_WARN_COMMA = YES;
				CLANG_WARN_CONSTANT_CONVERSION = YES;
				CLANG_WARN_DEPRECATED_OBJC_IMPLEMENTATIONS = YES;
				CLANG_WARN_DIRECT_OBJC_ISA_USAGE = YES_ERROR;
				CLANG_WARN_DOCUMENTATION_COMMENTS = YES;
				CLANG_WARN_EMPTY_BODY = YES;
				CLANG_WARN_ENUM_CONVERSION = YES;
				CLANG_WARN_INFINITE_RECURSION = YES;
				CLANG_WARN_INT_CONVERSION = YES;
				CLANG_WARN_NON_LITERAL_NULL_CONVERSION = YES;
				CLANG_WARN_OBJC_IMPLICIT_RETAIN_SELF = YES;
				CLANG_WARN_OBJC_LITERAL_CONVERSION = YES;
				CLANG_WARN_OBJC_ROOT_CLASS = YES_ERROR;
				CLANG_WARN_QUOTED_INCLUDE_IN_FRAMEWORK_HEADER = YES;
				CLANG_WARN_RANGE_LOOP_ANALYSIS = YES;
				CLANG_WARN_STRICT_PROTOTYPES = YES;
				CLANG_WARN_SUSPICIOUS_MOVE = YES;
				CLANG_WARN_UNGUARDED_AVAILABILITY = YES_AGGRESSIVE;
				CLANG_WARN_UNREACHABLE_CODE = YES;
				CLANG_WARN__DUPLICATE_METHOD_MATCH = YES;
				COPY_PHASE_STRIP = NO;
				DEBUG_INFORMATION_FORMAT = dwarf;
				DEVELOPMENT_TEAM = PLRRW8XCVU;
				ENABLE_STRICT_OBJC_MSGSEND = YES;
				ENABLE_TESTABILITY = YES;
				ENABLE_USER_SCRIPT_SANDBOXING = YES;
				GCC_C_LANGUAGE_STANDARD = gnu17;
				GCC_DYNAMIC_NO_PIC = NO;
				GCC_NO_COMMON_BLOCKS = YES;
				GCC_OPTIMIZATION_LEVEL = 0;
				GCC_PREPROCESSOR_DEFINITIONS = (
					"DEBUG=1",
					"$(inherited)",
				);
				GCC_WARN_64_TO_32_BIT_CONVERSION = YES;
				GCC_WARN_ABOUT_RETURN_TYPE = YES_ERROR;
				GCC_WARN_UNDECLARED_SELECTOR = YES;
				GCC_WARN_UNINITIALIZED_AUTOS = YES_AGGRESSIVE;
				GCC_WARN_UNUSED_FUNCTION = YES;
				GCC_WARN_UNUSED_VARIABLE = YES;
				IPHONEOS_DEPLOYMENT_TARGET = 26.5;
				LOCALIZATION_PREFERS_STRING_CATALOGS = YES;
				MTL_ENABLE_DEBUG_INFO = INCLUDE_SOURCE;
				MTL_FAST_MATH = YES;
				ONLY_ACTIVE_ARCH = YES;
				SDKROOT = iphoneos;
				SWIFT_ACTIVE_COMPILATION_CONDITIONS = "DEBUG $(inherited)";
				SWIFT_OPTIMIZATION_LEVEL = "-Onone";
			};
			name = Debug;
		};
		CFBD952B2FB8CE19003F1EAC /* Release */ = {
			isa = XCBuildConfiguration;
			buildSettings = {
				ALWAYS_SEARCH_USER_PATHS = NO;
				ASSETCATALOG_COMPILER_GENERATE_SWIFT_ASSET_SYMBOL_EXTENSIONS = YES;
				CLANG_ANALYZER_NONNULL = YES;
				CLANG_ANALYZER_NUMBER_OBJECT_CONVERSION = YES_AGGRESSIVE;
				CLANG_CXX_LANGUAGE_STANDARD = "gnu++20";
				CLANG_ENABLE_MODULES = YES;
				CLANG_ENABLE_OBJC_ARC = YES;
				CLANG_ENABLE_OBJC_WEAK = YES;
				CLANG_WARN_BLOCK_CAPTURE_AUTORELEASING = YES;
				CLANG_WARN_BOOL_CONVERSION = YES;
				CLANG_WARN_COMMA = YES;
				CLANG_WARN_CONSTANT_CONVERSION = YES;
				CLANG_WARN_DEPRECATED_OBJC_IMPLEMENTATIONS = YES;
				CLANG_WARN_DIRECT_OBJC_ISA_USAGE = YES_ERROR;
				CLANG_WARN_DOCUMENTATION_COMMENTS = YES;
				CLANG_WARN_EMPTY_BODY = YES;
				CLANG_WARN_ENUM_CONVERSION = YES;
				CLANG_WARN_INFINITE_RECURSION = YES;
				CLANG_WARN_INT_CONVERSION = YES;
				CLANG_WARN_NON_LITERAL_NULL_CONVERSION = YES;
				CLANG_WARN_OBJC_IMPLICIT_RETAIN_SELF = YES;
				CLANG_WARN_OBJC_LITERAL_CONVERSION = YES;
				CLANG_WARN_OBJC_ROOT_CLASS = YES_ERROR;
				CLANG_WARN_QUOTED_INCLUDE_IN_FRAMEWORK_HEADER = YES;
				CLANG_WARN_RANGE_LOOP_ANALYSIS = YES;
				CLANG_WARN_STRICT_PROTOTYPES = YES;
				CLANG_WARN_SUSPICIOUS_MOVE = YES;
				CLANG_WARN_UNGUARDED_AVAILABILITY = YES_AGGRESSIVE;
				CLANG_WARN_UNREACHABLE_CODE = YES;
				CLANG_WARN__DUPLICATE_METHOD_MATCH = YES;
				COPY_PHASE_STRIP = NO;
				DEBUG_INFORMATION_FORMAT = "dwarf-with-dsym";
				DEVELOPMENT_TEAM = PLRRW8XCVU;
				ENABLE_NS_ASSERTIONS = NO;
				ENABLE_STRICT_OBJC_MSGSEND = YES;
				ENABLE_USER_SCRIPT_SANDBOXING = YES;
				GCC_C_LANGUAGE_STANDARD = gnu17;
				GCC_NO_COMMON_BLOCKS = YES;
				GCC_WARN_64_TO_32_BIT_CONVERSION = YES;
				GCC_WARN_ABOUT_RETURN_TYPE = YES_ERROR;
				GCC_WARN_UNDECLARED_SELECTOR = YES;
				GCC_WARN_UNINITIALIZED_AUTOS = YES_AGGRESSIVE;
				GCC_WARN_UNUSED_FUNCTION = YES;
				GCC_WARN_UNUSED_VARIABLE = YES;
				IPHONEOS_DEPLOYMENT_TARGET = 26.5;
				LOCALIZATION_PREFERS_STRING_CATALOGS = YES;
				MTL_ENABLE_DEBUG_INFO = NO;
				MTL_FAST_MATH = YES;
				SDKROOT = iphoneos;
				SWIFT_COMPILATION_MODE = wholemodule;
				VALIDATE_PRODUCT = YES;
			};
			name = Release;
		};
		CFBD95722FB90692003F1EAC /* Debug */ = {
			isa = XCBuildConfiguration;
			buildSettings = {
				ASSETCATALOG_COMPILER_GLOBAL_ACCENT_COLOR_NAME = AccentColor;
				ASSETCATALOG_COMPILER_WIDGET_BACKGROUND_COLOR_NAME = WidgetBackground;
				CODE_SIGN_ENTITLEMENTS = LureliaWidgetsExtension.entitlements;
				CODE_SIGN_STYLE = Automatic;
				CURRENT_PROJECT_VERSION = 1;
				DEVELOPMENT_TEAM = PLRRW8XCVU;
				GENERATE_INFOPLIST_FILE = YES;
				INFOPLIST_FILE = LureliaWidgets/Info.plist;
				INFOPLIST_KEY_CFBundleDisplayName = LureliaWidgets;
				INFOPLIST_KEY_NSHumanReadableCopyright = "";
				LD_RUNPATH_SEARCH_PATHS = (
					"$(inherited)",
					"@executable_path/Frameworks",
					"@executable_path/../../Frameworks",
				);
				MARKETING_VERSION = 1.1;
				PRODUCT_BUNDLE_IDENTIFIER = im.lystaria.Lurelia.LureliaWidgets;
				PRODUCT_NAME = "$(TARGET_NAME)";
				SKIP_INSTALL = YES;
				STRING_CATALOG_GENERATE_SYMBOLS = YES;
				SUPPORTED_PLATFORMS = "iphoneos iphonesimulator";
				SUPPORTS_MACCATALYST = NO;
				SUPPORTS_MAC_DESIGNED_FOR_IPHONE_IPAD = NO;
				SUPPORTS_XR_DESIGNED_FOR_IPHONE_IPAD = NO;
				SWIFT_APPROACHABLE_CONCURRENCY = YES;
				SWIFT_EMIT_LOC_STRINGS = YES;
				SWIFT_UPCOMING_FEATURE_MEMBER_IMPORT_VISIBILITY = YES;
				SWIFT_VERSION = 5.0;
				TARGETED_DEVICE_FAMILY = "1,2";
			};
			name = Debug;
		};
		CFBD95732FB90692003F1EAC /* Release */ = {
			isa = XCBuildConfiguration;
			buildSettings = {
				ASSETCATALOG_COMPILER_GLOBAL_ACCENT_COLOR_NAME = AccentColor;
				ASSETCATALOG_COMPILER_WIDGET_BACKGROUND_COLOR_NAME = WidgetBackground;
				CODE_SIGN_ENTITLEMENTS = LureliaWidgetsExtension.entitlements;
				CODE_SIGN_STYLE = Automatic;
				CURRENT_PROJECT_VERSION = 1;
				DEVELOPMENT_TEAM = PLRRW8XCVU;
				GENERATE_INFOPLIST_FILE = YES;
				INFOPLIST_FILE = LureliaWidgets/Info.plist;
				INFOPLIST_KEY_CFBundleDisplayName = LureliaWidgets;
				INFOPLIST_KEY_NSHumanReadableCopyright = "";
				LD_RUNPATH_SEARCH_PATHS = (
					"$(inherited)",
					"@executable_path/Frameworks",
					"@executable_path/../../Frameworks",
				);
				MARKETING_VERSION = 1.1;
				PRODUCT_BUNDLE_IDENTIFIER = im.lystaria.Lurelia.LureliaWidgets;
				PRODUCT_NAME = "$(TARGET_NAME)";
				SKIP_INSTALL = YES;
				STRING_CATALOG_GENERATE_SYMBOLS = YES;
				SUPPORTED_PLATFORMS = "iphoneos iphonesimulator";
				SUPPORTS_MACCATALYST = NO;
				SUPPORTS_MAC_DESIGNED_FOR_IPHONE_IPAD = NO;
				SUPPORTS_XR_DESIGNED_FOR_IPHONE_IPAD = NO;
				SWIFT_APPROACHABLE_CONCURRENCY = YES;
				SWIFT_EMIT_LOC_STRINGS = YES;
				SWIFT_UPCOMING_FEATURE_MEMBER_IMPORT_VISIBILITY = YES;
				SWIFT_VERSION = 5.0;
				TARGETED_DEVICE_FAMILY = "1,2";
			};
			name = Release;
		};
/* End XCBuildConfiguration section */

/* Begin XCConfigurationList section */
		CFBD95142FB8CE18003F1EAC /* Build configuration list for PBXProject "Lurelia" */ = {
			isa = XCConfigurationList;
			buildConfigurations = (
				CFBD952A2FB8CE19003F1EAC /* Debug */,
				CFBD952B2FB8CE19003F1EAC /* Release */,
			);
			defaultConfigurationIsVisible = 0;
			defaultConfigurationName = Release;
		};
		CFBD95272FB8CE19003F1EAC /* Build configuration list for PBXNativeTarget "Lurelia" */ = {
			isa = XCConfigurationList;
			buildConfigurations = (
				CFBD95282FB8CE19003F1EAC /* Debug */,
				CFBD95292FB8CE19003F1EAC /* Release */,
			);
			defaultConfigurationIsVisible = 0;
			defaultConfigurationName = Release;
		};
		CFBD95712FB90692003F1EAC /* Build configuration list for PBXNativeTarget "LureliaWidgetsExtension" */ = {
			isa = XCConfigurationList;
			buildConfigurations = (
				CFBD95722FB90692003F1EAC /* Debug */,
				CFBD95732FB90692003F1EAC /* Release */,
			);
			defaultConfigurationIsVisible = 0;
			defaultConfigurationName = Release;
		};
/* End XCConfigurationList section */
	};
	rootObject = CFBD95112FB8CE18003F1EAC /* Project object */;
}
